
Microsoft Visual Studio Solution File, Format Version 12.00
# Visual Studio Version 16
VisualStudioVersion = 16.0.29215.179
MinimumVisualStudioVersion = 10.0.40219.1
Project("{FAE04EC0-301F-11D3-BF4B-00C04F79EFBC}") = "Nitor.TaskBoard", "Accelare.Apps.TaskBoard\Nitor.TaskBoard.csproj", "{047C71AE-C1E9-4716-99CE-49D241A9BFDB}"
EndProject
Project("{FAE04EC0-301F-11D3-BF4B-00C04F79EFBC}") = "Accelare.Webparts.PostMessageScript", "Accelare.Webparts.PostMessageScript\Accelare.Webparts.PostMessageScript.csproj", "{7CD3E86D-14DB-41AF-8698-D41F0DDA5AC7}"
EndProject
Global
	GlobalSection(SolutionConfigurationPlatforms) = preSolution
		Debug|Any CPU = Debug|Any CPU
		Release|Any CPU = Release|Any CPU
	EndGlobalSection
	GlobalSection(ProjectConfigurationPlatforms) = postSolution
		{047C71AE-C1E9-4716-99CE-49D241A9BFDB}.Debug|Any CPU.ActiveCfg = Debug|Any CPU
		{047C71AE-C1E9-4716-99CE-49D241A9BFDB}.Debug|Any CPU.Build.0 = Debug|Any CPU
		{047C71AE-C1E9-4716-99CE-49D241A9BFDB}.Debug|Any CPU.Deploy.0 = Debug|Any CPU
		{047C71AE-C1E9-4716-99CE-49D241A9BFDB}.Release|Any CPU.ActiveCfg = Release|Any CPU
		{047C71AE-C1E9-4716-99CE-49D241A9BFDB}.Release|Any CPU.Build.0 = Release|Any CPU
		{047C71AE-C1E9-4716-99CE-49D241A9BFDB}.Release|Any CPU.Deploy.0 = Release|Any CPU
		{7CD3E86D-14DB-41AF-8698-D41F0DDA5AC7}.Debug|Any CPU.ActiveCfg = Debug|Any CPU
		{7CD3E86D-14DB-41AF-8698-D41F0DDA5AC7}.Debug|Any CPU.Build.0 = Debug|Any CPU
		{7CD3E86D-14DB-41AF-8698-D41F0DDA5AC7}.Debug|Any CPU.Deploy.0 = Debug|Any CPU
		{7CD3E86D-14DB-41AF-8698-D41F0DDA5AC7}.Release|Any CPU.ActiveCfg = Release|Any CPU
		{7CD3E86D-14DB-41AF-8698-D41F0DDA5AC7}.Release|Any CPU.Build.0 = Release|Any CPU
		{7CD3E86D-14DB-41AF-8698-D41F0DDA5AC7}.Release|Any CPU.Deploy.0 = Release|Any CPU
	EndGlobalSection
	GlobalSection(SolutionProperties) = preSolution
		HideSolutionNode = FALSE
	EndGlobalSection
	GlobalSection(ExtensibilityGlobals) = postSolution
		SolutionGuid = {4A343069-245C-4613-882F-08A3629C7E99}
	EndGlobalSection
EndGlobal
